
Microsoft Visual Studio Solution File, Format Version 12.00
# Visual Studio 15
VisualStudioVersion = 15.0.26228.4
MinimumVisualStudioVersion = 10.0.40219.1
Project("{FAE04EC0-301F-11D3-BF4B-00C04F79EFBC}") = "Jeeb.Gateway.Demo", "Jeeb.Gateway.Demo\Jeeb.Gateway.Demo.csproj", "{2E5F0608-F37E-4DBC-AB05-E8A007AE97C5}"
EndProject
Project("{FAE04EC0-301F-11D3-BF4B-00C04F79EFBC}") = "Jeeb.Gateway", "Jeeb.Gateway\Jeeb.Gateway.csproj", "{104ADCD6-515E-4DE8-99C8-0D72594A0566}"
EndProject
Global
	GlobalSection(SolutionConfigurationPlatforms) = preSolution
		Debug|Any CPU = Debug|Any CPU
		Release|Any CPU = Release|Any CPU
	EndGlobalSection
	GlobalSection(ProjectConfigurationPlatforms) = postSolution
		{2E5F0608-F37E-4DBC-AB05-E8A007AE97C5}.Debug|Any CPU.ActiveCfg = Debug|Any CPU
		{2E5F0608-F37E-4DBC-AB05-E8A007AE97C5}.Debug|Any CPU.Build.0 = Debug|Any CPU
		{2E5F0608-F37E-4DBC-AB05-E8A007AE97C5}.Release|Any CPU.ActiveCfg = Release|Any CPU
		{2E5F0608-F37E-4DBC-AB05-E8A007AE97C5}.Release|Any CPU.Build.0 = Release|Any CPU
		{104ADCD6-515E-4DE8-99C8-0D72594A0566}.Debug|Any CPU.ActiveCfg = Debug|Any CPU
		{104ADCD6-515E-4DE8-99C8-0D72594A0566}.Debug|Any CPU.Build.0 = Debug|Any CPU
		{104ADCD6-515E-4DE8-99C8-0D72594A0566}.Release|Any CPU.ActiveCfg = Release|Any CPU
		{104ADCD6-515E-4DE8-99C8-0D72594A0566}.Release|Any CPU.Build.0 = Release|Any CPU
	EndGlobalSection
	GlobalSection(SolutionProperties) = preSolution
		HideSolutionNode = FALSE
	EndGlobalSection
EndGlobal
